// !$*UTF8*$!
{
	archiveVersion = 1;
	classes = {
	};
	objectVersion = 56;
	objects = {

/* Begin PBXBuildFile section */
		146250FA2C7B144700A7F663 /* User.swift in Sources */ = {isa = PBXBuildFile; fileRef = 146250F92C7B144700A7F663 /* User.swift */; };
		146250FB2C7B144700A7F663 /* User.swift in Sources */ = {isa = PBXBuildFile; fileRef = 146250F92C7B144700A7F663 /* User.swift */; };
		146250FE2C7B14ED00A7F663 /* APIService.swift in Sources */ = {isa = PBXBuildFile; fileRef = 146250FD2C7B14ED00A7F663 /* APIService.swift */; };
		146250FF2C7B14ED00A7F663 /* APIService.swift in Sources */ = {isa = PBXBuildFile; fileRef = 146250FD2C7B14ED00A7F663 /* APIService.swift */; };
		146251022C7B155000A7F663 /* UserListViewModel.swift in Sources */ = {isa = PBXBuildFile; fileRef = 146251012C7B155000A7F663 /* UserListViewModel.swift */; };
		146251032C7B155000A7F663 /* UserListViewModel.swift in Sources */ = {isa = PBXBuildFile; fileRef = 146251012C7B155000A7F663 /* UserListViewModel.swift */; };
		146251052C7B15A600A7F663 /* UserListView.swift in Sources */ = {isa = PBXBuildFile; fileRef = 146251042C7B15A600A7F663 /* UserListView.swift */; };
		146251062C7B15A600A7F663 /* UserListView.swift in Sources */ = {isa = PBXBuildFile; fileRef = 146251042C7B15A600A7F663 /* UserListView.swift */; };
		14B2C5962C7BA2E900AA1A8E /* MockAPIService.swift in Sources */ = {isa = PBXBuildFile; fileRef = 14B2C5952C7BA2E900AA1A8E /* MockAPIService.swift */; };
		14B2C5972C7BA74200AA1A8E /* UserCardView.swift in Sources */ = {isa = PBXBuildFile; fileRef = 14E182F42C7B56A800ABDEF4 /* UserCardView.swift */; };
		14B2C5982C7BA74500AA1A8E /* UserDetailView.swift in Sources */ = {isa = PBXBuildFile; fileRef = 14E182F62C7B5AEF00ABDEF4 /* UserDetailView.swift */; };
		14B2C59C2C7BA7E600AA1A8E /* indobytesUserBrowserApp.swift in Sources */ = {isa = PBXBuildFile; fileRef = 14F4A89D2C7AFD7000A97D6A /* indobytesUserBrowserApp.swift */; };
		14E182F52C7B56A800ABDEF4 /* UserCardView.swift in Sources */ = {isa = PBXBuildFile; fileRef = 14E182F42C7B56A800ABDEF4 /* UserCardView.swift */; };
		14E182F72C7B5AEF00ABDEF4 /* UserDetailView.swift in Sources */ = {isa = PBXBuildFile; fileRef = 14E182F62C7B5AEF00ABDEF4 /* UserDetailView.swift */; };
		14F4A89E2C7AFD7000A97D6A /* indobytesUserBrowserApp.swift in Sources */ = {isa = PBXBuildFile; fileRef = 14F4A89D2C7AFD7000A97D6A /* indobytesUserBrowserApp.swift */; };
		14F4A8A22C7AFD7300A97D6A /* Assets.xcassets in Resources */ = {isa = PBXBuildFile; fileRef = 14F4A8A12C7AFD7300A97D6A /* Assets.xcassets */; };
		14F4A8A52C7AFD7300A97D6A /* Preview Assets.xcassets in Resources */ = {isa = PBXBuildFile; fileRef = 14F4A8A42C7AFD7300A97D6A /* Preview Assets.xcassets */; };
		14F4A8AA2C7AFD7300A97D6A /* indobytesUserBrowser.xcdatamodeld in Sources */ = {isa = PBXBuildFile; fileRef = 14F4A8A82C7AFD7300A97D6A /* indobytesUserBrowser.xcdatamodeld */; };
		14F4A8B42C7AFD7300A97D6A /* indobytesUserBrowserTests.swift in Sources */ = {isa = PBXBuildFile; fileRef = 14F4A8B32C7AFD7300A97D6A /* indobytesUserBrowserTests.swift */; };
		14F4A8BE2C7AFD7400A97D6A /* indobytesUserBrowserUITests.swift in Sources */ = {isa = PBXBuildFile; fileRef = 14F4A8BD2C7AFD7400A97D6A /* indobytesUserBrowserUITests.swift */; };
		14F4A8C02C7AFD7400A97D6A /* indobytesUserBrowserUITestsLaunchTests.swift in Sources */ = {isa = PBXBuildFile; fileRef = 14F4A8BF2C7AFD7400A97D6A /* indobytesUserBrowserUITestsLaunchTests.swift */; };
		2F8FE1599D12789B6A1A6A2F /* Pods_indobytesUserBrowser.framework in Frameworks */ = {isa = PBXBuildFile; fileRef = BF4A5DF2180B9FF7D35FF2C8 /* Pods_indobytesUserBrowser.framework */; };
		9371CF27CDAB461181F316FC /* Pods_indobytesUserBrowser_indobytesUserBrowserUITests.framework in Frameworks */ = {isa = PBXBuildFile; fileRef = C4915BF5B9529120B30E4D3F /* Pods_indobytesUserBrowser_indobytesUserBrowserUITests.framework */; };
		B4CE4577CBFD421B3E810301 /* Pods_indobytesUserBrowserTests.framework in Frameworks */ = {isa = PBXBuildFile; fileRef = E59398ABDAB3A1B83B58085D /* Pods_indobytesUserBrowserTests.framework */; };
/* End PBXBuildFile section */

/* Begin PBXContainerItemProxy section */
		14F4A8B02C7AFD7300A97D6A /* PBXContainerItemProxy */ = {
			isa = PBXContainerItemProxy;
			containerPortal = 14F4A8922C7AFD7000A97D6A /* Project object */;
			proxyType = 1;
			remoteGlobalIDString = 14F4A8992C7AFD7000A97D6A;
			remoteInfo = indobytesUserBrowser;
		};
		14F4A8BA2C7AFD7300A97D6A /* PBXContainerItemProxy */ = {
			isa = PBXContainerItemProxy;
			containerPortal = 14F4A8922C7AFD7000A97D6A /* Project object */;
			proxyType = 1;
			remoteGlobalIDString = 14F4A8992C7AFD7000A97D6A;
			remoteInfo = indobytesUserBrowser;
		};
/* End PBXContainerItemProxy section */

/* Begin PBXFileReference section */
		090BF416F05AD0C82EAEA415 /* Pods-indobytesUserBrowserTests.release.xcconfig */ = {isa = PBXFileReference; includeInIndex = 1; lastKnownFileType = text.xcconfig; name = "Pods-indobytesUserBrowserTests.release.xcconfig"; path = "Target Support Files/Pods-indobytesUserBrowserTests/Pods-indobytesUserBrowserTests.release.xcconfig"; sourceTree = "<group>"; };
		146250F92C7B144700A7F663 /* User.swift */ = {isa = PBXFileReference; lastKnownFileType = sourcecode.swift; path = User.swift; sourceTree = "<group>"; };
		146250FD2C7B14ED00A7F663 /* APIService.swift */ = {isa = PBXFileReference; lastKnownFileType = sourcecode.swift; path = APIService.swift; sourceTree = "<group>"; };
		146251012C7B155000A7F663 /* UserListViewModel.swift */ = {isa = PBXFileReference; lastKnownFileType = sourcecode.swift; path = UserListViewModel.swift; sourceTree = "<group>"; };
		146251042C7B15A600A7F663 /* UserListView.swift */ = {isa = PBXFileReference; lastKnownFileType = sourcecode.swift; path = UserListView.swift; sourceTree = "<group>"; };
		14B2C5952C7BA2E900AA1A8E /* MockAPIService.swift */ = {isa = PBXFileReference; lastKnownFileType = sourcecode.swift; path = MockAPIService.swift; sourceTree = "<group>"; };
		14E182F42C7B56A800ABDEF4 /* UserCardView.swift */ = {isa = PBXFileReference; lastKnownFileType = sourcecode.swift; path = UserCardView.swift; sourceTree = "<group>"; };
		14E182F62C7B5AEF00ABDEF4 /* UserDetailView.swift */ = {isa = PBXFileReference; lastKnownFileType = sourcecode.swift; path = UserDetailView.swift; sourceTree = "<group>"; };
		14F4A89A2C7AFD7000A97D6A /* indobytesUserBrowser.app */ = {isa = PBXFileReference; explicitFileType = wrapper.application; includeInIndex = 0; path = indobytesUserBrowser.app; sourceTree = BUILT_PRODUCTS_DIR; };
		14F4A89D2C7AFD7000A97D6A /* indobytesUserBrowserApp.swift */ = {isa = PBXFileReference; lastKnownFileType = sourcecode.swift; path = indobytesUserBrowserApp.swift; sourceTree = "<group>"; };
		14F4A8A12C7AFD7300A97D6A /* Assets.xcassets */ = {isa = PBXFileReference; lastKnownFileType = folder.assetcatalog; path = Assets.xcassets; sourceTree = "<group>"; };
		14F4A8A42C7AFD7300A97D6A /* Preview Assets.xcassets */ = {isa = PBXFileReference; lastKnownFileType = folder.assetcatalog; path = "Preview Assets.xcassets"; sourceTree = "<group>"; };
		14F4A8A92C7AFD7300A97D6A /* indobytesUserBrowser.xcdatamodel */ = {isa = PBXFileReference; lastKnownFileType = wrapper.xcdatamodel; path = indobytesUserBrowser.xcdatamodel; sourceTree = "<group>"; };
		14F4A8AF2C7AFD7300A97D6A /* indobytesUserBrowserTests.xctest */ = {isa = PBXFileReference; explicitFileType = wrapper.cfbundle; includeInIndex = 0; path = indobytesUserBrowserTests.xctest; sourceTree = BUILT_PRODUCTS_DIR; };
		14F4A8B32C7AFD7300A97D6A /* indobytesUserBrowserTests.swift */ = {isa = PBXFileReference; lastKnownFileType = sourcecode.swift; path = indobytesUserBrowserTests.swift; sourceTree = "<group>"; };
		14F4A8B92C7AFD7300A97D6A /* indobytesUserBrowserUITests.xctest */ = {isa = PBXFileReference; explicitFileType = wrapper.cfbundle; includeInIndex = 0; path = indobytesUserBrowserUITests.xctest; sourceTree = BUILT_PRODUCTS_DIR; };
		14F4A8BD2C7AFD7400A97D6A /* indobytesUserBrowserUITests.swift */ = {isa = PBXFileReference; lastKnownFileType = sourcecode.swift; path = indobytesUserBrowserUITests.swift; sourceTree = "<group>"; };
		14F4A8BF2C7AFD7400A97D6A /* indobytesUserBrowserUITestsLaunchTests.swift */ = {isa = PBXFileReference; lastKnownFileType = sourcecode.swift; path = indobytesUserBrowserUITestsLaunchTests.swift; sourceTree = "<group>"; };
		24C33094B2B8AB353C4B9BD7 /* Pods-indobytesUserBrowser-indobytesUserBrowserUITests.release.xcconfig */ = {isa = PBXFileReference; includeInIndex = 1; lastKnownFileType = text.xcconfig; name = "Pods-indobytesUserBrowser-indobytesUserBrowserUITests.release.xcconfig"; path = "Target Support Files/Pods-indobytesUserBrowser-indobytesUserBrowserUITests/Pods-indobytesUserBrowser-indobytesUserBrowserUITests.release.xcconfig"; sourceTree = "<group>"; };
		34EF76605BB401E22A96F00E /* Pods-indobytesUserBrowser.release.xcconfig */ = {isa = PBXFileReference; includeInIndex = 1; lastKnownFileType = text.xcconfig; name = "Pods-indobytesUserBrowser.release.xcconfig"; path = "Target Support Files/Pods-indobytesUserBrowser/Pods-indobytesUserBrowser.release.xcconfig"; sourceTree = "<group>"; };
		5995DFC561A5BDB5CE86099F /* Pods-indobytesUserBrowser-indobytesUserBrowserUITests.debug.xcconfig */ = {isa = PBXFileReference; includeInIndex = 1; lastKnownFileType = text.xcconfig; name = "Pods-indobytesUserBrowser-indobytesUserBrowserUITests.debug.xcconfig"; path = "Target Support Files/Pods-indobytesUserBrowser-indobytesUserBrowserUITests/Pods-indobytesUserBrowser-indobytesUserBrowserUITests.debug.xcconfig"; sourceTree = "<group>"; };
		A71A470955B88120125085DD /* Pods-indobytesUserBrowser.debug.xcconfig */ = {isa = PBXFileReference; includeInIndex = 1; lastKnownFileType = text.xcconfig; name = "Pods-indobytesUserBrowser.debug.xcconfig"; path = "Target Support Files/Pods-indobytesUserBrowser/Pods-indobytesUserBrowser.debug.xcconfig"; sourceTree = "<group>"; };
		BF4A5DF2180B9FF7D35FF2C8 /* Pods_indobytesUserBrowser.framework */ = {isa = PBXFileReference; explicitFileType = wrapper.framework; includeInIndex = 0; path = Pods_indobytesUserBrowser.framework; sourceTree = BUILT_PRODUCTS_DIR; };
		C4915BF5B9529120B30E4D3F /* Pods_indobytesUserBrowser_indobytesUserBrowserUITests.framework */ = {isa = PBXFileReference; explicitFileType = wrapper.framework; includeInIndex = 0; path = Pods_indobytesUserBrowser_indobytesUserBrowserUITests.framework; sourceTree = BUILT_PRODUCTS_DIR; };
		D144966561BF448FA3702449 /* Pods-indobytesUserBrowserTests.debug.xcconfig */ = {isa = PBXFileReference; includeInIndex = 1; lastKnownFileType = text.xcconfig; name = "Pods-indobytesUserBrowserTests.debug.xcconfig"; path = "Target Support Files/Pods-indobytesUserBrowserTests/Pods-indobytesUserBrowserTests.debug.xcconfig"; sourceTree = "<group>"; };
		E59398ABDAB3A1B83B58085D /* Pods_indobytesUserBrowserTests.framework */ = {isa = PBXFileReference; explicitFileType = wrapper.framework; includeInIndex = 0; path = Pods_indobytesUserBrowserTests.framework; sourceTree = BUILT_PRODUCTS_DIR; };
/* End PBXFileReference section */

/* Begin PBXFrameworksBuildPhase section */
		14F4A8972C7AFD7000A97D6A /* Frameworks */ = {
			isa = PBXFrameworksBuildPhase;
			buildActionMask = 2147483647;
			files = (
				2F8FE1599D12789B6A1A6A2F /* Pods_indobytesUserBrowser.framework in Frameworks */,
			);
			runOnlyForDeploymentPostprocessing = 0;
		};
		14F4A8AC2C7AFD7300A97D6A /* Frameworks */ = {
			isa = PBXFrameworksBuildPhase;
			buildActionMask = 2147483647;
			files = (
				B4CE4577CBFD421B3E810301 /* Pods_indobytesUserBrowserTests.framework in Frameworks */,
			);
			runOnlyForDeploymentPostprocessing = 0;
		};
		14F4A8B62C7AFD7300A97D6A /* Frameworks */ = {
			isa = PBXFrameworksBuildPhase;
			buildActionMask = 2147483647;
			files = (
				9371CF27CDAB461181F316FC /* Pods_indobytesUserBrowser_indobytesUserBrowserUITests.framework in Frameworks */,
			);
			runOnlyForDeploymentPostprocessing = 0;
		};
/* End PBXFrameworksBuildPhase section */

/* Begin PBXGroup section */
		0238684240160FDF171AB7DF /* Frameworks */ = {
			isa = PBXGroup;
			children = (
				BF4A5DF2180B9FF7D35FF2C8 /* Pods_indobytesUserBrowser.framework */,
				C4915BF5B9529120B30E4D3F /* Pods_indobytesUserBrowser_indobytesUserBrowserUITests.framework */,
				E59398ABDAB3A1B83B58085D /* Pods_indobytesUserBrowserTests.framework */,
			);
			name = Frameworks;
			sourceTree = "<group>";
		};
		146250F82C7B142200A7F663 /* models */ = {
			isa = PBXGroup;
			children = (
				146250F92C7B144700A7F663 /* User.swift */,
			);
			path = models;
			sourceTree = "<group>";
		};
		146250FC2C7B14CC00A7F663 /* services */ = {
			isa = PBXGroup;
			children = (
				146250FD2C7B14ED00A7F663 /* APIService.swift */,
			);
			path = services;
			sourceTree = "<group>";
		};
		146251002C7B153700A7F663 /* views */ = {
			isa = PBXGroup;
			children = (
				146251012C7B155000A7F663 /* UserListViewModel.swift */,
				146251042C7B15A600A7F663 /* UserListView.swift */,
				14E182F42C7B56A800ABDEF4 /* UserCardView.swift */,
				14E182F62C7B5AEF00ABDEF4 /* UserDetailView.swift */,
			);
			path = views;
			sourceTree = "<group>";
		};
		14F4A8912C7AFD7000A97D6A = {
			isa = PBXGroup;
			children = (
				14F4A89C2C7AFD7000A97D6A /* indobytesUserBrowser */,
				14F4A8B22C7AFD7300A97D6A /* indobytesUserBrowserTests */,
				14F4A8BC2C7AFD7300A97D6A /* indobytesUserBrowserUITests */,
				14F4A89B2C7AFD7000A97D6A /* Products */,
				6EAD103DAA0CB4B5A1259E37 /* Pods */,
				0238684240160FDF171AB7DF /* Frameworks */,
			);
			sourceTree = "<group>";
		};
		14F4A89B2C7AFD7000A97D6A /* Products */ = {
			isa = PBXGroup;
			children = (
				14F4A89A2C7AFD7000A97D6A /* indobytesUserBrowser.app */,
				14F4A8AF2C7AFD7300A97D6A /* indobytesUserBrowserTests.xctest */,
				14F4A8B92C7AFD7300A97D6A /* indobytesUserBrowserUITests.xctest */,
			);
			name = Products;
			sourceTree = "<group>";
		};
		14F4A89C2C7AFD7000A97D6A /* indobytesUserBrowser */ = {
			isa = PBXGroup;
			children = (
				146251002C7B153700A7F663 /* views */,
				146250FC2C7B14CC00A7F663 /* services */,
				146250F82C7B142200A7F663 /* models */,
				14F4A89D2C7AFD7000A97D6A /* indobytesUserBrowserApp.swift */,
				14F4A8A12C7AFD7300A97D6A /* Assets.xcassets */,
				14F4A8A82C7AFD7300A97D6A /* indobytesUserBrowser.xcdatamodeld */,
				14F4A8A32C7AFD7300A97D6A /* Preview Content */,
			);
			path = indobytesUserBrowser;
			sourceTree = "<group>";
		};
		14F4A8A32C7AFD7300A97D6A /* Preview Content */ = {
			isa = PBXGroup;
			children = (
				14F4A8A42C7AFD7300A97D6A /* Preview Assets.xcassets */,
			);
			path = "Preview Content";
			sourceTree = "<group>";
		};
		14F4A8B22C7AFD7300A97D6A /* indobytesUserBrowserTests */ = {
			isa = PBXGroup;
			children = (
				14F4A8B32C7AFD7300A97D6A /* indobytesUserBrowserTests.swift */,
				14B2C5952C7BA2E900AA1A8E /* MockAPIService.swift */,
			);
			path = indobytesUserBrowserTests;
			sourceTree = "<group>";
		};
		14F4A8BC2C7AFD7300A97D6A /* indobytesUserBrowserUITests */ = {
			isa = PBXGroup;
			children = (
				14F4A8BD2C7AFD7400A97D6A /* indobytesUserBrowserUITests.swift */,
				14F4A8BF2C7AFD7400A97D6A /* indobytesUserBrowserUITestsLaunchTests.swift */,
			);
			path = indobytesUserBrowserUITests;
			sourceTree = "<group>";
		};
		6EAD103DAA0CB4B5A1259E37 /* Pods */ = {
			isa = PBXGroup;
			children = (
				A71A470955B88120125085DD /* Pods-indobytesUserBrowser.debug.xcconfig */,
				34EF76605BB401E22A96F00E /* Pods-indobytesUserBrowser.release.xcconfig */,
				5995DFC561A5BDB5CE86099F /* Pods-indobytesUserBrowser-indobytesUserBrowserUITests.debug.xcconfig */,
				24C33094B2B8AB353C4B9BD7 /* Pods-indobytesUserBrowser-indobytesUserBrowserUITests.release.xcconfig */,
				D144966561BF448FA3702449 /* Pods-indobytesUserBrowserTests.debug.xcconfig */,
				090BF416F05AD0C82EAEA415 /* Pods-indobytesUserBrowserTests.release.xcconfig */,
			);
			path = Pods;
			sourceTree = "<group>";
		};
/* End PBXGroup section */

/* Begin PBXNativeTarget section */
		14F4A8992C7AFD7000A97D6A /* indobytesUserBrowser */ = {
			isa = PBXNativeTarget;
			buildConfigurationList = 14F4A8C32C7AFD7400A97D6A /* Build configuration list for PBXNativeTarget "indobytesUserBrowser" */;
			buildPhases = (
				3EC632E37DDA1BCABA46F5E7 /* [CP] Check Pods Manifest.lock */,
				14F4A8962C7AFD7000A97D6A /* Sources */,
				14F4A8972C7AFD7000A97D6A /* Frameworks */,
				14F4A8982C7AFD7000A97D6A /* Resources */,
				951715220AD5A9BF7E300E73 /* [CP] Embed Pods Frameworks */,
			);
			buildRules = (
			);
			dependencies = (
			);
			name = indobytesUserBrowser;
			productName = indobytesUserBrowser;
			productReference = 14F4A89A2C7AFD7000A97D6A /* indobytesUserBrowser.app */;
			productType = "com.apple.product-type.application";
		};
		14F4A8AE2C7AFD7300A97D6A /* indobytesUserBrowserTests */ = {
			isa = PBXNativeTarget;
			buildConfigurationList = 14F4A8C62C7AFD7400A97D6A /* Build configuration list for PBXNativeTarget "indobytesUserBrowserTests" */;
			buildPhases = (
				AF6E6D1F968572DD8AFC07FF /* [CP] Check Pods Manifest.lock */,
				14F4A8AB2C7AFD7300A97D6A /* Sources */,
				14F4A8AC2C7AFD7300A97D6A /* Frameworks */,
				14F4A8AD2C7AFD7300A97D6A /* Resources */,
			);
			buildRules = (
			);
			dependencies = (
				14F4A8B12C7AFD7300A97D6A /* PBXTargetDependency */,
			);
			name = indobytesUserBrowserTests;
			productName = indobytesUserBrowserTests;
			productReference = 14F4A8AF2C7AFD7300A97D6A /* indobytesUserBrowserTests.xctest */;
			productType = "com.apple.product-type.bundle.unit-test";
		};
		14F4A8B82C7AFD7300A97D6A /* indobytesUserBrowserUITests */ = {
			isa = PBXNativeTarget;
			buildConfigurationList = 14F4A8C92C7AFD7400A97D6A /* Build configuration list for PBXNativeTarget "indobytesUserBrowserUITests" */;
			buildPhases = (
				2E6E837FAC82AF3FE690054E /* [CP] Check Pods Manifest.lock */,
				14F4A8B52C7AFD7300A97D6A /* Sources */,
				14F4A8B62C7AFD7300A97D6A /* Frameworks */,
				14F4A8B72C7AFD7300A97D6A /* Resources */,
				00BB2EDC270B5E236652A8B4 /* [CP] Embed Pods Frameworks */,
			);
			buildRules = (
			);
			dependencies = (
				14F4A8BB2C7AFD7300A97D6A /* PBXTargetDependency */,
			);
			name = indobytesUserBrowserUITests;
			productName = indobytesUserBrowserUITests;
			productReference = 14F4A8B92C7AFD7300A97D6A /* indobytesUserBrowserUITests.xctest */;
			productType = "com.apple.product-type.bundle.ui-testing";
		};
/* End PBXNativeTarget section */

/* Begin PBXProject section */
		14F4A8922C7AFD7000A97D6A /* Project object */ = {
			isa = PBXProject;
			attributes = {
				BuildIndependentTargetsInParallel = 1;
				LastSwiftUpdateCheck = 1420;
				LastUpgradeCheck = 1420;
				TargetAttributes = {
					14F4A8992C7AFD7000A97D6A = {
						CreatedOnToolsVersion = 14.2;
					};
					14F4A8AE2C7AFD7300A97D6A = {
						CreatedOnToolsVersion = 14.2;
						TestTargetID = 14F4A8992C7AFD7000A97D6A;
					};
					14F4A8B82C7AFD7300A97D6A = {
						CreatedOnToolsVersion = 14.2;
						TestTargetID = 14F4A8992C7AFD7000A97D6A;
					};
				};
			};
			buildConfigurationList = 14F4A8952C7AFD7000A97D6A /* Build configuration list for PBXProject "indobytesUserBrowser" */;
			compatibilityVersion = "Xcode 14.0";
			developmentRegion = en;
			hasScannedForEncodings = 0;
			knownRegions = (
				en,
				Base,
			);
			mainGroup = 14F4A8912C7AFD7000A97D6A;
			productRefGroup = 14F4A89B2C7AFD7000A97D6A /* Products */;
			projectDirPath = "";
			projectRoot = "";
			targets = (
				14F4A8992C7AFD7000A97D6A /* indobytesUserBrowser */,
				14F4A8AE2C7AFD7300A97D6A /* indobytesUserBrowserTests */,
				14F4A8B82C7AFD7300A97D6A /* indobytesUserBrowserUITests */,
			);
		};
/* End PBXProject section */

/* Begin PBXResourcesBuildPhase section */
		14F4A8982C7AFD7000A97D6A /* Resources */ = {
			isa = PBXResourcesBuildPhase;
			buildActionMask = 2147483647;
			files = (
				14F4A8A52C7AFD7300A97D6A /* Preview Assets.xcassets in Resources */,
				14F4A8A22C7AFD7300A97D6A /* Assets.xcassets in Resources */,
			);
			runOnlyForDeploymentPostprocessing = 0;
		};
		14F4A8AD2C7AFD7300A97D6A /* Resources */ = {
			isa = PBXResourcesBuildPhase;
			buildActionMask = 2147483647;
			files = (
			);
			runOnlyForDeploymentPostprocessing = 0;
		};
		14F4A8B72C7AFD7300A97D6A /* Resources */ = {
			isa = PBXResourcesBuildPhase;
			buildActionMask = 2147483647;
			files = (
			);
			runOnlyForDeploymentPostprocessing = 0;
		};
/* End PBXResourcesBuildPhase section */

/* Begin PBXShellScriptBuildPhase section */
		00BB2EDC270B5E236652A8B4 /* [CP] Embed Pods Frameworks */ = {
			isa = PBXShellScriptBuildPhase;
			buildActionMask = 2147483647;
			files = (
			);
			inputFileListPaths = (
				"${PODS_ROOT}/Target Support Files/Pods-indobytesUserBrowser-indobytesUserBrowserUITests/Pods-indobytesUserBrowser-indobytesUserBrowserUITests-frameworks-${CONFIGURATION}-input-files.xcfilelist",
			);
			name = "[CP] Embed Pods Frameworks";
			outputFileListPaths = (
				"${PODS_ROOT}/Target Support Files/Pods-indobytesUserBrowser-indobytesUserBrowserUITests/Pods-indobytesUserBrowser-indobytesUserBrowserUITests-frameworks-${CONFIGURATION}-output-files.xcfilelist",
			);
			runOnlyForDeploymentPostprocessing = 0;
			shellPath = /bin/sh;
			shellScript = "\"${PODS_ROOT}/Target Support Files/Pods-indobytesUserBrowser-indobytesUserBrowserUITests/Pods-indobytesUserBrowser-indobytesUserBrowserUITests-frameworks.sh\"\n";
			showEnvVarsInLog = 0;
		};
		2E6E837FAC82AF3FE690054E /* [CP] Check Pods Manifest.lock */ = {
			isa = PBXShellScriptBuildPhase;
			buildActionMask = 2147483647;
			files = (
			);
			inputFileListPaths = (
			);
			inputPaths = (
				"${PODS_PODFILE_DIR_PATH}/Podfile.lock",
				"${PODS_ROOT}/Manifest.lock",
			);
			name = "[CP] Check Pods Manifest.lock";
			outputFileListPaths = (
			);
			outputPaths = (
				"$(DERIVED_FILE_DIR)/Pods-indobytesUserBrowser-indobytesUserBrowserUITests-checkManifestLockResult.txt",
			);
			runOnlyForDeploymentPostprocessing = 0;
			shellPath = /bin/sh;
			shellScript = "diff \"${PODS_PODFILE_DIR_PATH}/Podfile.lock\" \"${PODS_ROOT}/Manifest.lock\" > /dev/null\nif [ $? != 0 ] ; then\n    # print error to STDERR\n    echo \"error: The sandbox is not in sync with the Podfile.lock. Run 'pod install' or update your CocoaPods installation.\" >&2\n    exit 1\nfi\n# This output is used by Xcode 'outputs' to avoid re-running this script phase.\necho \"SUCCESS\" > \"${SCRIPT_OUTPUT_FILE_0}\"\n";
			showEnvVarsInLog = 0;
		};
		3EC632E37DDA1BCABA46F5E7 /* [CP] Check Pods Manifest.lock */ = {
			isa = PBXShellScriptBuildPhase;
			buildActionMask = 2147483647;
			files = (
			);
			inputFileListPaths = (
			);
			inputPaths = (
				"${PODS_PODFILE_DIR_PATH}/Podfile.lock",
				"${PODS_ROOT}/Manifest.lock",
			);
			name = "[CP] Check Pods Manifest.lock";
			outputFileListPaths = (
			);
			outputPaths = (
				"$(DERIVED_FILE_DIR)/Pods-indobytesUserBrowser-checkManifestLockResult.txt",
			);
			runOnlyForDeploymentPostprocessing = 0;
			shellPath = /bin/sh;
			shellScript = "diff \"${PODS_PODFILE_DIR_PATH}/Podfile.lock\" \"${PODS_ROOT}/Manifest.lock\" > /dev/null\nif [ $? != 0 ] ; then\n    # print error to STDERR\n    echo \"error: The sandbox is not in sync with the Podfile.lock. Run 'pod install' or update your CocoaPods installation.\" >&2\n    exit 1\nfi\n# This output is used by Xcode 'outputs' to avoid re-running this script phase.\necho \"SUCCESS\" > \"${SCRIPT_OUTPUT_FILE_0}\"\n";
			showEnvVarsInLog = 0;
		};
		951715220AD5A9BF7E300E73 /* [CP] Embed Pods Frameworks */ = {
			isa = PBXShellScriptBuildPhase;
			buildActionMask = 2147483647;
			files = (
			);
			inputFileListPaths = (
				"${PODS_ROOT}/Target Support Files/Pods-indobytesUserBrowser/Pods-indobytesUserBrowser-frameworks-${CONFIGURATION}-input-files.xcfilelist",
			);
			name = "[CP] Embed Pods Frameworks";
			outputFileListPaths = (
				"${PODS_ROOT}/Target Support Files/Pods-indobytesUserBrowser/Pods-indobytesUserBrowser-frameworks-${CONFIGURATION}-output-files.xcfilelist",
			);
			runOnlyForDeploymentPostprocessing = 0;
			shellPath = /bin/sh;
			shellScript = "\"${PODS_ROOT}/Target Support Files/Pods-indobytesUserBrowser/Pods-indobytesUserBrowser-frameworks.sh\"\n";
			showEnvVarsInLog = 0;
		};
		AF6E6D1F968572DD8AFC07FF /* [CP] Check Pods Manifest.lock */ = {
			isa = PBXShellScriptBuildPhase;
			buildActionMask = 2147483647;
			files = (
			);
			inputFileListPaths = (
			);
			inputPaths = (
				"${PODS_PODFILE_DIR_PATH}/Podfile.lock",
				"${PODS_ROOT}/Manifest.lock",
			);
			name = "[CP] Check Pods Manifest.lock";
			outputFileListPaths = (
			);
			outputPaths = (
				"$(DERIVED_FILE_DIR)/Pods-indobytesUserBrowserTests-checkManifestLockResult.txt",
			);
			runOnlyForDeploymentPostprocessing = 0;
			shellPath = /bin/sh;
			shellScript = "diff \"${PODS_PODFILE_DIR_PATH}/Podfile.lock\" \"${PODS_ROOT}/Manifest.lock\" > /dev/null\nif [ $? != 0 ] ; then\n    # print error to STDERR\n    echo \"error: The sandbox is not in sync with the Podfile.lock. Run 'pod install' or update your CocoaPods installation.\" >&2\n    exit 1\nfi\n# This output is used by Xcode 'outputs' to avoid re-running this script phase.\necho \"SUCCESS\" > \"${SCRIPT_OUTPUT_FILE_0}\"\n";
			showEnvVarsInLog = 0;
		};
/* End PBXShellScriptBuildPhase section */

/* Begin PBXSourcesBuildPhase section */
		14F4A8962C7AFD7000A97D6A /* Sources */ = {
			isa = PBXSourcesBuildPhase;
			buildActionMask = 2147483647;
			files = (
				146251022C7B155000A7F663 /* UserListViewModel.swift in Sources */,
				14E182F52C7B56A800ABDEF4 /* UserCardView.swift in Sources */,
				146251052C7B15A600A7F663 /* UserListView.swift in Sources */,
				14F4A89E2C7AFD7000A97D6A /* indobytesUserBrowserApp.swift in Sources */,
				146250FA2C7B144700A7F663 /* User.swift in Sources */,
				146250FE2C7B14ED00A7F663 /* APIService.swift in Sources */,
				14E182F72C7B5AEF00ABDEF4 /* UserDetailView.swift in Sources */,
				14F4A8AA2C7AFD7300A97D6A /* indobytesUserBrowser.xcdatamodeld in Sources */,
			);
			runOnlyForDeploymentPostprocessing = 0;
		};
		14F4A8AB2C7AFD7300A97D6A /* Sources */ = {
			isa = PBXSourcesBuildPhase;
			buildActionMask = 2147483647;
			files = (
				14B2C5962C7BA2E900AA1A8E /* MockAPIService.swift in Sources */,
				146250FB2C7B144700A7F663 /* User.swift in Sources */,
				146251062C7B15A600A7F663 /* UserListView.swift in Sources */,
				14B2C59C2C7BA7E600AA1A8E /* indobytesUserBrowserApp.swift in Sources */,
				146251032C7B155000A7F663 /* UserListViewModel.swift in Sources */,
				14B2C5982C7BA74500AA1A8E /* UserDetailView.swift in Sources */,
				146250FF2C7B14ED00A7F663 /* APIService.swift in Sources */,
				14F4A8B42C7AFD7300A97D6A /* indobytesUserBrowserTests.swift in Sources */,
				14B2C5972C7BA74200AA1A8E /* UserCardView.swift in Sources */,
			);
			runOnlyForDeploymentPostprocessing = 0;
		};
		14F4A8B52C7AFD7300A97D6A /* Sources */ = {
			isa = PBXSourcesBuildPhase;
			buildActionMask = 2147483647;
			files = (
				14F4A8C02C7AFD7400A97D6A /* indobytesUserBrowserUITestsLaunchTests.swift in Sources */,
				14F4A8BE2C7AFD7400A97D6A /* indobytesUserBrowserUITests.swift in Sources */,
			);
			runOnlyForDeploymentPostprocessing = 0;
		};
/* End PBXSourcesBuildPhase section */

/* Begin PBXTargetDependency section */
		14F4A8B12C7AFD7300A97D6A /* PBXTargetDependency */ = {
			isa = PBXTargetDependency;
			target = 14F4A8992C7AFD7000A97D6A /* indobytesUserBrowser */;
			targetProxy = 14F4A8B02C7AFD7300A97D6A /* PBXContainerItemProxy */;
		};
		14F4A8BB2C7AFD7300A97D6A /* PBXTargetDependency */ = {
			isa = PBXTargetDependency;
			target = 14F4A8992C7AFD7000A97D6A /* indobytesUserBrowser */;
			targetProxy = 14F4A8BA2C7AFD7300A97D6A /* PBXContainerItemProxy */;
		};
/* End PBXTargetDependency section */

/* Begin XCBuildConfiguration section */
		14F4A8C12C7AFD7400A97D6A /* Debug */ = {
			isa = XCBuildConfiguration;
			buildSettings = {
				ALWAYS_SEARCH_USER_PATHS = NO;
				CLANG_ANALYZER_NONNULL = YES;
				CLANG_ANALYZER_NUMBER_OBJECT_CONVERSION = YES_AGGRESSIVE;
				CLANG_CXX_LANGUAGE_STANDARD = "gnu++20";
				CLANG_ENABLE_MODULES = YES;
				CLANG_ENABLE_OBJC_ARC = YES;
				CLANG_ENABLE_OBJC_WEAK = YES;
				CLANG_WARN_BLOCK_CAPTURE_AUTORELEASING = YES;
				CLANG_WARN_BOOL_CONVERSION = YES;
				CLANG_WARN_COMMA = YES;
				CLANG_WARN_CONSTANT_CONVERSION = YES;
				CLANG_WARN_DEPRECATED_OBJC_IMPLEMENTATIONS = YES;
				CLANG_WARN_DIRECT_OBJC_ISA_USAGE = YES_ERROR;
				CLANG_WARN_DOCUMENTATION_COMMENTS = YES;
				CLANG_WARN_EMPTY_BODY = YES;
				CLANG_WARN_ENUM_CONVERSION = YES;
				CLANG_WARN_INFINITE_RECURSION = YES;
				CLANG_WARN_INT_CONVERSION = YES;
				CLANG_WARN_NON_LITERAL_NULL_CONVERSION = YES;
				CLANG_WARN_OBJC_IMPLICIT_RETAIN_SELF = YES;
				CLANG_WARN_OBJC_LITERAL_CONVERSION = YES;
				CLANG_WARN_OBJC_ROOT_CLASS = YES_ERROR;
				CLANG_WARN_QUOTED_INCLUDE_IN_FRAMEWORK_HEADER = YES;
				CLANG_WARN_RANGE_LOOP_ANALYSIS = YES;
				CLANG_WARN_STRICT_PROTOTYPES = YES;
				CLANG_WARN_SUSPICIOUS_MOVE = YES;
				CLANG_WARN_UNGUARDED_AVAILABILITY = YES_AGGRESSIVE;
				CLANG_WARN_UNREACHABLE_CODE = YES;
				CLANG_WARN__DUPLICATE_METHOD_MATCH = YES;
				COPY_PHASE_STRIP = NO;
				DEBUG_INFORMATION_FORMAT = dwarf;
				ENABLE_STRICT_OBJC_MSGSEND = YES;
				ENABLE_TESTABILITY = YES;
				GCC_C_LANGUAGE_STANDARD = gnu11;
				GCC_DYNAMIC_NO_PIC = NO;
				GCC_NO_COMMON_BLOCKS = YES;
				GCC_OPTIMIZATION_LEVEL = 0;
				GCC_PREPROCESSOR_DEFINITIONS = (
					"DEBUG=1",
					"$(inherited)",
				);
				GCC_WARN_64_TO_32_BIT_CONVERSION = YES;
				GCC_WARN_ABOUT_RETURN_TYPE = YES_ERROR;
				GCC_WARN_UNDECLARED_SELECTOR = YES;
				GCC_WARN_UNINITIALIZED_AUTOS = YES_AGGRESSIVE;
				GCC_WARN_UNUSED_FUNCTION = YES;
				GCC_WARN_UNUSED_VARIABLE = YES;
				IPHONEOS_DEPLOYMENT_TARGET = 16.2;
				MTL_ENABLE_DEBUG_INFO = INCLUDE_SOURCE;
				MTL_FAST_MATH = YES;
				ONLY_ACTIVE_ARCH = YES;
				SDKROOT = iphoneos;
				SWIFT_ACTIVE_COMPILATION_CONDITIONS = DEBUG;
				SWIFT_OPTIMIZATION_LEVEL = "-Onone";
			};
			name = Debug;
		};
		14F4A8C22C7AFD7400A97D6A /* Release */ = {
			isa = XCBuildConfiguration;
			buildSettings = {
				ALWAYS_SEARCH_USER_PATHS = NO;
				CLANG_ANALYZER_NONNULL = YES;
				CLANG_ANALYZER_NUMBER_OBJECT_CONVERSION = YES_AGGRESSIVE;
				CLANG_CXX_LANGUAGE_STANDARD = "gnu++20";
				CLANG_ENABLE_MODULES = YES;
				CLANG_ENABLE_OBJC_ARC = YES;
				CLANG_ENABLE_OBJC_WEAK = YES;
				CLANG_WARN_BLOCK_CAPTURE_AUTORELEASING = YES;
				CLANG_WARN_BOOL_CONVERSION = YES;
				CLANG_WARN_COMMA = YES;
				CLANG_WARN_CONSTANT_CONVERSION = YES;
				CLANG_WARN_DEPRECATED_OBJC_IMPLEMENTATIONS = YES;
				CLANG_WARN_DIRECT_OBJC_ISA_USAGE = YES_ERROR;
				CLANG_WARN_DOCUMENTATION_COMMENTS = YES;
				CLANG_WARN_EMPTY_BODY = YES;
				CLANG_WARN_ENUM_CONVERSION = YES;
				CLANG_WARN_INFINITE_RECURSION = YES;
				CLANG_WARN_INT_CONVERSION = YES;
				CLANG_WARN_NON_LITERAL_NULL_CONVERSION = YES;
				CLANG_WARN_OBJC_IMPLICIT_RETAIN_SELF = YES;
				CLANG_WARN_OBJC_LITERAL_CONVERSION = YES;
				CLANG_WARN_OBJC_ROOT_CLASS = YES_ERROR;
				CLANG_WARN_QUOTED_INCLUDE_IN_FRAMEWORK_HEADER = YES;
				CLANG_WARN_RANGE_LOOP_ANALYSIS = YES;
				CLANG_WARN_STRICT_PROTOTYPES = YES;
				CLANG_WARN_SUSPICIOUS_MOVE = YES;
				CLANG_WARN_UNGUARDED_AVAILABILITY = YES_AGGRESSIVE;
				CLANG_WARN_UNREACHABLE_CODE = YES;
				CLANG_WARN__DUPLICATE_METHOD_MATCH = YES;
				COPY_PHASE_STRIP = NO;
				DEBUG_INFORMATION_FORMAT = "dwarf-with-dsym";
				ENABLE_NS_ASSERTIONS = NO;
				ENABLE_STRICT_OBJC_MSGSEND = YES;
				GCC_C_LANGUAGE_STANDARD = gnu11;
				GCC_NO_COMMON_BLOCKS = YES;
				GCC_WARN_64_TO_32_BIT_CONVERSION = YES;
				GCC_WARN_ABOUT_RETURN_TYPE = YES_ERROR;
				GCC_WARN_UNDECLARED_SELECTOR = YES;
				GCC_WARN_UNINITIALIZED_AUTOS = YES_AGGRESSIVE;
				GCC_WARN_UNUSED_FUNCTION = YES;
				GCC_WARN_UNUSED_VARIABLE = YES;
				IPHONEOS_DEPLOYMENT_TARGET = 16.2;
				MTL_ENABLE_DEBUG_INFO = NO;
				MTL_FAST_MATH = YES;
				SDKROOT = iphoneos;
				SWIFT_COMPILATION_MODE = wholemodule;
				SWIFT_OPTIMIZATION_LEVEL = "-O";
				VALIDATE_PRODUCT = YES;
			};
			name = Release;
		};
		14F4A8C42C7AFD7400A97D6A /* Debug */ = {
			isa = XCBuildConfiguration;
			baseConfigurationReference = A71A470955B88120125085DD /* Pods-indobytesUserBrowser.debug.xcconfig */;
			buildSettings = {
				ASSETCATALOG_COMPILER_APPICON_NAME = AppIcon;
				ASSETCATALOG_COMPILER_GLOBAL_ACCENT_COLOR_NAME = AccentColor;
				CODE_SIGN_STYLE = Automatic;
				CURRENT_PROJECT_VERSION = 1;
				DEVELOPMENT_ASSET_PATHS = "\"indobytesUserBrowser/Preview Content\"";
				ENABLE_PREVIEWS = YES;
				GENERATE_INFOPLIST_FILE = YES;
				INFOPLIST_KEY_UIApplicationSceneManifest_Generation = YES;
				INFOPLIST_KEY_UIApplicationSupportsIndirectInputEvents = YES;
				INFOPLIST_KEY_UILaunchScreen_Generation = YES;
				INFOPLIST_KEY_UISupportedInterfaceOrientations_iPad = "UIInterfaceOrientationPortrait UIInterfaceOrientationPortraitUpsideDown UIInterfaceOrientationLandscapeLeft UIInterfaceOrientationLandscapeRight";
				INFOPLIST_KEY_UISupportedInterfaceOrientations_iPhone = "UIInterfaceOrientationPortrait UIInterfaceOrientationLandscapeLeft UIInterfaceOrientationLandscapeRight";
				LD_RUNPATH_SEARCH_PATHS = (
					"$(inherited)",
					"@executable_path/Frameworks",
				);
				MARKETING_VERSION = 1.0;
				PRODUCT_BUNDLE_IDENTIFIER = com.org.srajanapitupulu.indobytesUserBrowser;
				PRODUCT_NAME = "$(TARGET_NAME)";
				SWIFT_EMIT_LOC_STRINGS = YES;
				SWIFT_VERSION = 5.0;
				TARGETED_DEVICE_FAMILY = "1,2";
			};
			name = Debug;
		};
		14F4A8C52C7AFD7400A97D6A /* Release */ = {
			isa = XCBuildConfiguration;
			baseConfigurationReference = 34EF76605BB401E22A96F00E /* Pods-indobytesUserBrowser.release.xcconfig */;
			buildSettings = {
				ASSETCATALOG_COMPILER_APPICON_NAME = AppIcon;
				ASSETCATALOG_COMPILER_GLOBAL_ACCENT_COLOR_NAME = AccentColor;
				CODE_SIGN_STYLE = Automatic;
				CURRENT_PROJECT_VERSION = 1;
				DEVELOPMENT_ASSET_PATHS = "\"indobytesUserBrowser/Preview Content\"";
				ENABLE_PREVIEWS = YES;
				GENERATE_INFOPLIST_FILE = YES;
				INFOPLIST_KEY_UIApplicationSceneManifest_Generation = YES;
				INFOPLIST_KEY_UIApplicationSupportsIndirectInputEvents = YES;
				INFOPLIST_KEY_UILaunchScreen_Generation = YES;
				INFOPLIST_KEY_UISupportedInterfaceOrientations_iPad = "UIInterfaceOrientationPortrait UIInterfaceOrientationPortraitUpsideDown UIInterfaceOrientationLandscapeLeft UIInterfaceOrientationLandscapeRight";
				INFOPLIST_KEY_UISupportedInterfaceOrientations_iPhone = "UIInterfaceOrientationPortrait UIInterfaceOrientationLandscapeLeft UIInterfaceOrientationLandscapeRight";
				LD_RUNPATH_SEARCH_PATHS = (
					"$(inherited)",
					"@executable_path/Frameworks",
				);
				MARKETING_VERSION = 1.0;
				PRODUCT_BUNDLE_IDENTIFIER = com.org.srajanapitupulu.indobytesUserBrowser;
				PRODUCT_NAME = "$(TARGET_NAME)";
				SWIFT_EMIT_LOC_STRINGS = YES;
				SWIFT_VERSION = 5.0;
				TARGETED_DEVICE_FAMILY = "1,2";
			};
			name = Release;
		};
		14F4A8C72C7AFD7400A97D6A /* Debug */ = {
			isa = XCBuildConfiguration;
			baseConfigurationReference = D144966561BF448FA3702449 /* Pods-indobytesUserBrowserTests.debug.xcconfig */;
			buildSettings = {
				ALWAYS_EMBED_SWIFT_STANDARD_LIBRARIES = YES;
				BUNDLE_LOADER = "$(TEST_HOST)";
				CODE_SIGN_STYLE = Automatic;
				CURRENT_PROJECT_VERSION = 1;
				GENERATE_INFOPLIST_FILE = YES;
				IPHONEOS_DEPLOYMENT_TARGET = 16.2;
				MARKETING_VERSION = 1.0;
				PRODUCT_BUNDLE_IDENTIFIER = com.org.srajanapitupulu.indobytesUserBrowserTests;
				PRODUCT_NAME = "$(TARGET_NAME)";
				SWIFT_EMIT_LOC_STRINGS = NO;
				SWIFT_VERSION = 5.0;
				TARGETED_DEVICE_FAMILY = "1,2";
				TEST_HOST = "$(BUILT_PRODUCTS_DIR)/indobytesUserBrowser.app/$(BUNDLE_EXECUTABLE_FOLDER_PATH)/indobytesUserBrowser";
			};
			name = Debug;
		};
		14F4A8C82C7AFD7400A97D6A /* Release */ = {
			isa = XCBuildConfiguration;
			baseConfigurationReference = 090BF416F05AD0C82EAEA415 /* Pods-indobytesUserBrowserTests.release.xcconfig */;
			buildSettings = {
				ALWAYS_EMBED_SWIFT_STANDARD_LIBRARIES = YES;
				BUNDLE_LOADER = "$(TEST_HOST)";
				CODE_SIGN_STYLE = Automatic;
				CURRENT_PROJECT_VERSION = 1;
				GENERATE_INFOPLIST_FILE = YES;
				IPHONEOS_DEPLOYMENT_TARGET = 16.2;
				MARKETING_VERSION = 1.0;
				PRODUCT_BUNDLE_IDENTIFIER = com.org.srajanapitupulu.indobytesUserBrowserTests;
				PRODUCT_NAME = "$(TARGET_NAME)";
				SWIFT_EMIT_LOC_STRINGS = NO;
				SWIFT_VERSION = 5.0;
				TARGETED_DEVICE_FAMILY = "1,2";
				TEST_HOST = "$(BUILT_PRODUCTS_DIR)/indobytesUserBrowser.app/$(BUNDLE_EXECUTABLE_FOLDER_PATH)/indobytesUserBrowser";
			};
			name = Release;
		};
		14F4A8CA2C7AFD7400A97D6A /* Debug */ = {
			isa = XCBuildConfiguration;
			baseConfigurationReference = 5995DFC561A5BDB5CE86099F /* Pods-indobytesUserBrowser-indobytesUserBrowserUITests.debug.xcconfig */;
			buildSettings = {
				ALWAYS_EMBED_SWIFT_STANDARD_LIBRARIES = YES;
				CODE_SIGN_STYLE = Automatic;
				CURRENT_PROJECT_VERSION = 1;
				GENERATE_INFOPLIST_FILE = YES;
				MARKETING_VERSION = 1.0;
				PRODUCT_BUNDLE_IDENTIFIER = com.org.srajanapitupulu.indobytesUserBrowserUITests;
				PRODUCT_NAME = "$(TARGET_NAME)";
				SWIFT_EMIT_LOC_STRINGS = NO;
				SWIFT_VERSION = 5.0;
				TARGETED_DEVICE_FAMILY = "1,2";
				TEST_TARGET_NAME = indobytesUserBrowser;
			};
			name = Debug;
		};
		14F4A8CB2C7AFD7400A97D6A /* Release */ = {
			isa = XCBuildConfiguration;
			baseConfigurationReference = 24C33094B2B8AB353C4B9BD7 /* Pods-indobytesUserBrowser-indobytesUserBrowserUITests.release.xcconfig */;
			buildSettings = {
				ALWAYS_EMBED_SWIFT_STANDARD_LIBRARIES = YES;
				CODE_SIGN_STYLE = Automatic;
				CURRENT_PROJECT_VERSION = 1;
				GENERATE_INFOPLIST_FILE = YES;
				MARKETING_VERSION = 1.0;
				PRODUCT_BUNDLE_IDENTIFIER = com.org.srajanapitupulu.indobytesUserBrowserUITests;
				PRODUCT_NAME = "$(TARGET_NAME)";
				SWIFT_EMIT_LOC_STRINGS = NO;
				SWIFT_VERSION = 5.0;
				TARGETED_DEVICE_FAMILY = "1,2";
				TEST_TARGET_NAME = indobytesUserBrowser;
			};
			name = Release;
		};
/* End XCBuildConfiguration section */

/* Begin XCConfigurationList section */
		14F4A8952C7AFD7000A97D6A /* Build configuration list for PBXProject "indobytesUserBrowser" */ = {
			isa = XCConfigurationList;
			buildConfigurations = (
				14F4A8C12C7AFD7400A97D6A /* Debug */,
				14F4A8C22C7AFD7400A97D6A /* Release */,
			);
			defaultConfigurationIsVisible = 0;
			defaultConfigurationName = Release;
		};
		14F4A8C32C7AFD7400A97D6A /* Build configuration list for PBXNativeTarget "indobytesUserBrowser" */ = {
			isa = XCConfigurationList;
			buildConfigurations = (
				14F4A8C42C7AFD7400A97D6A /* Debug */,
				14F4A8C52C7AFD7400A97D6A /* Release */,
			);
			defaultConfigurationIsVisible = 0;
			defaultConfigurationName = Release;
		};
		14F4A8C62C7AFD7400A97D6A /* Build configuration list for PBXNativeTarget "indobytesUserBrowserTests" */ = {
			isa = XCConfigurationList;
			buildConfigurations = (
				14F4A8C72C7AFD7400A97D6A /* Debug */,
				14F4A8C82C7AFD7400A97D6A /* Release */,
			);
			defaultConfigurationIsVisible = 0;
			defaultConfigurationName = Release;
		};
		14F4A8C92C7AFD7400A97D6A /* Build configuration list for PBXNativeTarget "indobytesUserBrowserUITests" */ = {
			isa = XCConfigurationList;
			buildConfigurations = (
				14F4A8CA2C7AFD7400A97D6A /* Debug */,
				14F4A8CB2C7AFD7400A97D6A /* Release */,
			);
			defaultConfigurationIsVisible = 0;
			defaultConfigurationName = Release;
		};
/* End XCConfigurationList section */

/* Begin XCVersionGroup section */
		14F4A8A82C7AFD7300A97D6A /* indobytesUserBrowser.xcdatamodeld */ = {
			isa = XCVersionGroup;
			children = (
				14F4A8A92C7AFD7300A97D6A /* indobytesUserBrowser.xcdatamodel */,
			);
			currentVersion = 14F4A8A92C7AFD7300A97D6A /* indobytesUserBrowser.xcdatamodel */;
			path = indobytesUserBrowser.xcdatamodeld;
			sourceTree = "<group>";
			versionGroupType = wrapper.xcdatamodel;
		};
/* End XCVersionGroup section */
	};
	rootObject = 14F4A8922C7AFD7000A97D6A /* Project object */;
}
